
Microsoft Visual Studio Solution File, Format Version 12.00
# Visual Studio Version 17
VisualStudioVersion = 17.14.36202.13
MinimumVisualStudioVersion = 10.0.40219.1
Project("{FAE04EC0-301F-11D3-BF4B-00C04F79EFBC}") = "Register_Login", "Register_Login.csproj", "{9F7839B5-1DFC-4C05-A513-92F850773F80}"
	ProjectSection(ProjectDependencies) = postProject
		{9CBB975B-14DE-4498-BE20-BA647CE2B327} = {9CBB975B-14DE-4498-BE20-BA647CE2B327}
	EndProjectSection
EndProject
Project("{FAE04EC0-301F-11D3-BF4B-00C04F79EFBC}") = "WebServices1", "..\WebServices1\WebServices1.csproj", "{9CBB975B-14DE-4498-BE20-BA647CE2B327}"
EndProject
Global
	GlobalSection(SolutionConfigurationPlatforms) = preSolution
		Debug|Any CPU = Debug|Any CPU
		Release|Any CPU = Release|Any CPU
	EndGlobalSection
	GlobalSection(ProjectConfigurationPlatforms) = postSolution
		{9F7839B5-1DFC-4C05-A513-92F850773F80}.Debug|Any CPU.ActiveCfg = Debug|Any CPU
		{9F7839B5-1DFC-4C05-A513-92F850773F80}.Debug|Any CPU.Build.0 = Debug|Any CPU
		{9F7839B5-1DFC-4C05-A513-92F850773F80}.Release|Any CPU.ActiveCfg = Release|Any CPU
		{9F7839B5-1DFC-4C05-A513-92F850773F80}.Release|Any CPU.Build.0 = Release|Any CPU
		{9CBB975B-14DE-4498-BE20-BA647CE2B327}.Debug|Any CPU.ActiveCfg = Debug|Any CPU
		{9CBB975B-14DE-4498-BE20-BA647CE2B327}.Debug|Any CPU.Build.0 = Debug|Any CPU
		{9CBB975B-14DE-4498-BE20-BA647CE2B327}.Release|Any CPU.ActiveCfg = Release|Any CPU
		{9CBB975B-14DE-4498-BE20-BA647CE2B327}.Release|Any CPU.Build.0 = Release|Any CPU
	EndGlobalSection
	GlobalSection(SolutionProperties) = preSolution
		HideSolutionNode = FALSE
	EndGlobalSection
	GlobalSection(ExtensibilityGlobals) = postSolution
		SolutionGuid = {942ADD05-7455-43A3-8AE3-915CFEAB2557}
	EndGlobalSection
EndGlobal
